{
  "version": 4,
  "terraform_version": "1.10.4",
  "serial": 105,
  "lineage": "9c8a57a1-a02e-cb92-70a8-24812f5baad0",
  "outputs": {
    "alb_dns_name": {
      "value": "infradm-alb-427454577.us-east-1.elb.amazonaws.com",
      "type": "string"
    },
    "api_gateway_url": {
      "value": "https://y2f7i8hvej.execute-api.us-east-1.amazonaws.com/",
      "type": "string"
    },
    "mongodb_connection_string": {
      "value": "mongodb://mongoadmin:ChangeMe123!@ec2-34-230-87-87.compute-1.amazonaws.com:27017/catalog?authSource=admin",
      "type": "string",
      "sensitive": true
    },
    "mongodb_endpoint": {
      "value": "infradm-mongodb-cluster.cluster-clj8fw98ztqm.us-east-1.docdb.amazonaws.com",
      "type": "string"
    },
    "mongodb_instance_public_dns": {
      "value": "ec2-34-230-87-87.compute-1.amazonaws.com",
      "type": "string"
    },
    "mysql_endpoint": {
      "value": "infradm-mysql.clj8fw98ztqm.us-east-1.rds.amazonaws.com:3306",
      "type": "string"
    },
    "public_subnet_ids": {
      "value": [
        "subnet-0846738e111e33493",
        "subnet-012b426db39357210"
      ],
      "type": [
        "tuple",
        [
          "string",
          "string"
        ]
      ]
    },
    "redis_endpoint": {
      "value": "infradm-redis-cluster.niqz0c.0001.use1.cache.amazonaws.com",
      "type": "string"
    },
    "vpc_id": {
      "value": "vpc-04837aab5c23cb29f",
      "type": "string"
    }
  },
  "resources": [
    {
      "mode": "data",
      "type": "aws_availability_zones",
      "name": "available",
      "provider": "provider[\"registry.terraform.io/hashicorp/aws\"]",
      "instances": [
        {
          "schema_version": 0,
          "attributes": {
            "all_availability_zones": null,
            "exclude_names": null,
            "exclude_zone_ids": null,
            "filter": null,
            "group_names": [
              "us-east-1-zg-1"
            ],
            "id": "us-east-1",
            "names": [
              "us-east-1a",
              "us-east-1b",
              "us-east-1c",
              "us-east-1d",
              "us-east-1e",
              "us-east-1f"
            ],
            "state": "available",
            "timeouts": null,
            "zone_ids": [
              "use1-az4",
              "use1-az6",
              "use1-az1",
              "use1-az2",
              "use1-az3",
              "use1-az5"
            ]
          },
          "sensitive_attributes": []
        }
      ]
    },
    {
      "mode": "managed",
      "type": "aws_apigatewayv2_api",
      "name": "main",
      "provider": "provider[\"registry.terraform.io/hashicorp/aws\"]",
      "instances": [
        {
          "schema_version": 0,
          "attributes": {
            "api_endpoint": "https://y2f7i8hvej.execute-api.us-east-1.amazonaws.com",
            "api_key_selection_expression": "$request.header.x-api-key",
            "arn": "arn:aws:apigateway:us-east-1::/apis/y2f7i8hvej",
            "body": null,
            "cors_configuration": [],
            "credentials_arn": null,
            "description": "API Gateway for InfraDM application",
            "disable_execute_api_endpoint": false,
            "execution_arn": "arn:aws:execute-api:us-east-1:018594907850:y2f7i8hvej",
            "fail_on_warnings": null,
            "id": "y2f7i8hvej",
            "ip_address_type": "ipv4",
            "name": "infradm-api",
            "protocol_type": "HTTP",
            "route_key": null,
            "route_selection_expression": "$request.method $request.path",
            "tags": {},
            "tags_all": {
              "Environment": "Production",
              "ManagedBy": "Terraform",
              "Project": "InfraDM"
            },
            "target": null,
            "version": ""
          },
          "sensitive_attributes": [],
          "private": "bnVsbA=="
        }
      ]
    },
    {
      "mode": "managed",
      "type": "aws_apigatewayv2_stage",
      "name": "prod",
      "provider": "provider[\"registry.terraform.io/hashicorp/aws\"]",
      "instances": [
        {
          "schema_version": 0,
          "attributes": {
            "access_log_settings": [],
            "api_id": "y2f7i8hvej",
            "arn": "arn:aws:apigateway:us-east-1::/apis/y2f7i8hvej/stages/$default",
            "auto_deploy": true,
            "client_certificate_id": "",
            "default_route_settings": [
              {
                "data_trace_enabled": false,
                "detailed_metrics_enabled": false,
                "logging_level": "",
                "throttling_burst_limit": 0,
                "throttling_rate_limit": 0
              }
            ],
            "deployment_id": "",
            "description": "",
            "execution_arn": "arn:aws:execute-api:us-east-1:018594907850:y2f7i8hvej/$default",
            "id": "$default",
            "invoke_url": "https://y2f7i8hvej.execute-api.us-east-1.amazonaws.com/",
            "name": "$default",
            "route_settings": [],
            "stage_variables": {},
            "tags": {},
            "tags_all": {
              "Environment": "Production",
              "ManagedBy": "Terraform",
              "Project": "InfraDM"
            }
          },
          "sensitive_attributes": [],
          "private": "bnVsbA==",
          "dependencies": [
            "aws_apigatewayv2_api.main"
          ]
        }
      ]
    },
    {
      "mode": "managed",
      "type": "aws_db_instance",
      "name": "mysql",
      "provider": "provider[\"registry.terraform.io/hashicorp/aws\"]",
      "instances": [
        {
          "schema_version": 2,
          "attributes": {
            "address": "infradm-mysql.clj8fw98ztqm.us-east-1.rds.amazonaws.com",
            "allocated_storage": 20,
            "allow_major_version_upgrade": null,
            "apply_immediately": false,
            "arn": "arn:aws:rds:us-east-1:018594907850:db:infradm-mysql",
            "auto_minor_version_upgrade": true,
            "availability_zone": "us-east-1b",
            "backup_retention_period": 0,
            "backup_target": "region",
            "backup_window": "09:40-10:10",
            "blue_green_update": [],
            "ca_cert_identifier": "rds-ca-rsa2048-g1",
            "character_set_name": "",
            "copy_tags_to_snapshot": false,
            "custom_iam_instance_profile": "",
            "customer_owned_ip_enabled": false,
            "database_insights_mode": "standard",
            "db_name": "",
            "db_subnet_group_name": "infradm-db-subnet-group",
            "dedicated_log_volume": false,
            "delete_automated_backups": true,
            "deletion_protection": false,
            "domain": "",
            "domain_auth_secret_arn": "",
            "domain_dns_ips": [],
            "domain_fqdn": "",
            "domain_iam_role_name": "",
            "domain_ou": "",
            "enabled_cloudwatch_logs_exports": [],
            "endpoint": "infradm-mysql.clj8fw98ztqm.us-east-1.rds.amazonaws.com:3306",
            "engine": "mysql",
            "engine_lifecycle_support": "open-source-rds-extended-support",
            "engine_version": "8.0.32",
            "engine_version_actual": "8.0.32",
            "final_snapshot_identifier": null,
            "hosted_zone_id": "Z2R2ITUGPM61AM",
            "iam_database_authentication_enabled": false,
            "id": "db-ZVLA7PGFTP2N55DAGVOKJICNZE",
            "identifier": "infradm-mysql",
            "identifier_prefix": "",
            "instance_class": "db.t3.micro",
            "iops": 0,
            "kms_key_id": "",
            "latest_restorable_time": "",
            "license_model": "general-public-license",
            "listener_endpoint": [],
            "maintenance_window": "fri:03:52-fri:04:22",
            "manage_master_user_password": null,
            "master_user_secret": [],
            "master_user_secret_kms_key_id": null,
            "max_allocated_storage": 0,
            "monitoring_interval": 0,
            "monitoring_role_arn": "",
            "multi_az": false,
            "nchar_character_set_name": "",
            "network_type": "IPV4",
            "option_group_name": "default:mysql-8-0",
            "parameter_group_name": "default.mysql8.0",
            "password": "Sebasalejandro22",
            "password_wo": null,
            "password_wo_version": null,
            "performance_insights_enabled": false,
            "performance_insights_kms_key_id": "",
            "performance_insights_retention_period": 0,
            "port": 3306,
            "publicly_accessible": false,
            "replica_mode": "",
            "replicas": [],
            "replicate_source_db": "",
            "resource_id": "db-ZVLA7PGFTP2N55DAGVOKJICNZE",
            "restore_to_point_in_time": [],
            "s3_import": [],
            "skip_final_snapshot": true,
            "snapshot_identifier": null,
            "status": "available",
            "storage_encrypted": false,
            "storage_throughput": 0,
            "storage_type": "gp2",
            "tags": {},
            "tags_all": {
              "Environment": "Production",
              "ManagedBy": "Terraform",
              "Project": "InfraDM"
            },
            "timeouts": null,
            "timezone": "",
            "upgrade_storage_config": null,
            "username": "admin",
            "vpc_security_group_ids": [
              "sg-0d04935c256d866a6"
            ]
          },
          "sensitive_attributes": [
            [
              {
                "type": "get_attr",
                "value": "password"
              }
            ],
            [
              {
                "type": "get_attr",
                "value": "password_wo"
              }
            ],
            [
              {
                "type": "get_attr",
                "value": "username"
              }
            ]
          ],
          "private": "eyJlMmJmYjczMC1lY2FhLTExZTYtOGY4OC0zNDM2M2JjN2M0YzAiOnsiY3JlYXRlIjozMDAwMDAwMDAwMDAwLCJkZWxldGUiOjM2MDAwMDAwMDAwMDAsInVwZGF0ZSI6NDgwMDAwMDAwMDAwMH0sInNjaGVtYV92ZXJzaW9uIjoiMiJ9",
          "dependencies": [
            "aws_db_subnet_group.default",
            "aws_security_group.db_sg",
            "aws_security_group.ec2_sg",
            "aws_subnet.public",
            "aws_vpc.main",
            "data.aws_availability_zones.available"
          ]
        }
      ]
    },
    {
      "mode": "managed",
      "type": "aws_db_subnet_group",
      "name": "default",
      "provider": "provider[\"registry.terraform.io/hashicorp/aws\"]",
      "instances": [
        {
          "schema_version": 0,
          "attributes": {
            "arn": "arn:aws:rds:us-east-1:018594907850:subgrp:infradm-db-subnet-group",
            "description": "Managed by Terraform",
            "id": "infradm-db-subnet-group",
            "name": "infradm-db-subnet-group",
            "name_prefix": "",
            "subnet_ids": [
              "subnet-012b426db39357210",
              "subnet-0846738e111e33493"
            ],
            "supported_network_types": [
              "IPV4"
            ],
            "tags": {},
            "tags_all": {
              "Environment": "Production",
              "ManagedBy": "Terraform",
              "Project": "InfraDM"
            },
            "vpc_id": "vpc-04837aab5c23cb29f"
          },
          "sensitive_attributes": [],
          "private": "bnVsbA==",
          "dependencies": [
            "aws_subnet.public",
            "aws_vpc.main",
            "data.aws_availability_zones.available"
          ]
        }
      ]
    },
    {
      "mode": "managed",
      "type": "aws_docdb_cluster",
      "name": "mongodb",
      "provider": "provider[\"registry.terraform.io/hashicorp/aws\"]",
      "instances": [
        {
          "schema_version": 0,
          "attributes": {
            "allow_major_version_upgrade": null,
            "apply_immediately": null,
            "arn": "arn:aws:rds:us-east-1:018594907850:cluster:infradm-mongodb-cluster",
            "availability_zones": [
              "us-east-1a",
              "us-east-1b",
              "us-east-1c"
            ],
            "backup_retention_period": 7,
            "cluster_identifier": "infradm-mongodb-cluster",
            "cluster_identifier_prefix": "",
            "cluster_members": [],
            "cluster_resource_id": "cluster-CY5KQXTGRKT2EC4FBTUJIEIMPQ",
            "db_cluster_parameter_group_name": "default.docdb5.0",
            "db_subnet_group_name": "infradm-mongodb-subnet-group",
            "deletion_protection": false,
            "enabled_cloudwatch_logs_exports": [],
            "endpoint": "infradm-mongodb-cluster.cluster-clj8fw98ztqm.us-east-1.docdb.amazonaws.com",
            "engine": "docdb",
            "engine_version": "5.0.0",
            "final_snapshot_identifier": null,
            "global_cluster_identifier": "",
            "hosted_zone_id": "ZNKXH85TT8WVW",
            "id": "infradm-mongodb-cluster",
            "kms_key_id": "arn:aws:kms:us-east-1:018594907850:key/b535f823-cf32-495a-89d7-d12db2540b7d",
            "manage_master_user_password": null,
            "master_password": "ChangeMe123!",
            "master_password_wo": null,
            "master_password_wo_version": null,
            "master_user_secret": [],
            "master_username": "mongoadmin",
            "port": 27017,
            "preferred_backup_window": "07:00-09:00",
            "preferred_maintenance_window": "tue:09:21-tue:09:51",
            "reader_endpoint": "infradm-mongodb-cluster.cluster-ro-clj8fw98ztqm.us-east-1.docdb.amazonaws.com",
            "restore_to_point_in_time": [],
            "skip_final_snapshot": true,
            "snapshot_identifier": null,
            "storage_encrypted": true,
            "storage_type": "",
            "tags": {
              "Name": "infradm-mongodb-cluster"
            },
            "tags_all": {
              "Environment": "Production",
              "ManagedBy": "Terraform",
              "Name": "infradm-mongodb-cluster",
              "Project": "InfraDM"
            },
            "timeouts": null,
            "vpc_security_group_ids": [
              "sg-0d04935c256d866a6"
            ]
          },
          "sensitive_attributes": [
            [
              {
                "type": "get_attr",
                "value": "master_password"
              }
            ]
          ],
          "private": "eyJlMmJmYjczMC1lY2FhLTExZTYtOGY4OC0zNDM2M2JjN2M0YzAiOnsiY3JlYXRlIjo3MjAwMDAwMDAwMDAwLCJkZWxldGUiOjcyMDAwMDAwMDAwMDAsInVwZGF0ZSI6NzIwMDAwMDAwMDAwMH19",
          "dependencies": [
            "aws_docdb_subnet_group.mongodb",
            "aws_security_group.db_sg",
            "aws_security_group.ec2_sg",
            "aws_subnet.public",
            "aws_vpc.main",
            "data.aws_availability_zones.available"
          ]
        }
      ]
    },
    {
      "mode": "managed",
      "type": "aws_docdb_subnet_group",
      "name": "mongodb",
      "provider": "provider[\"registry.terraform.io/hashicorp/aws\"]",
      "instances": [
        {
          "schema_version": 0,
          "attributes": {
            "arn": "arn:aws:rds:us-east-1:018594907850:subgrp:infradm-mongodb-subnet-group",
            "description": "Managed by Terraform",
            "id": "infradm-mongodb-subnet-group",
            "name": "infradm-mongodb-subnet-group",
            "name_prefix": "",
            "subnet_ids": [
              "subnet-012b426db39357210",
              "subnet-0846738e111e33493"
            ],
            "tags": {},
            "tags_all": {
              "Environment": "Production",
              "ManagedBy": "Terraform",
              "Project": "InfraDM"
            }
          },
          "sensitive_attributes": [],
          "private": "bnVsbA==",
          "dependencies": [
            "aws_subnet.public",
            "aws_vpc.main",
            "data.aws_availability_zones.available"
          ]
        }
      ]
    },
    {
      "mode": "managed",
      "type": "aws_elasticache_cluster",
      "name": "redis",
      "provider": "provider[\"registry.terraform.io/hashicorp/aws\"]",
      "instances": [
        {
          "schema_version": 0,
          "attributes": {
            "apply_immediately": null,
            "arn": "arn:aws:elasticache:us-east-1:018594907850:cluster:infradm-redis-cluster",
            "auto_minor_version_upgrade": "true",
            "availability_zone": "us-east-1a",
            "az_mode": "single-az",
            "cache_nodes": [
              {
                "address": "infradm-redis-cluster.niqz0c.0001.use1.cache.amazonaws.com",
                "availability_zone": "us-east-1a",
                "id": "0001",
                "outpost_arn": "",
                "port": 6379
              }
            ],
            "cluster_address": null,
            "cluster_id": "infradm-redis-cluster",
            "configuration_endpoint": null,
            "engine": "redis",
            "engine_version": "7.0",
            "engine_version_actual": "7.0.7",
            "final_snapshot_identifier": null,
            "id": "infradm-redis-cluster",
            "ip_discovery": "ipv4",
            "log_delivery_configuration": [],
            "maintenance_window": "sun:08:00-sun:09:00",
            "network_type": "ipv4",
            "node_type": "cache.t3.micro",
            "notification_topic_arn": null,
            "num_cache_nodes": 1,
            "outpost_mode": null,
            "parameter_group_name": "default.redis7",
            "port": 6379,
            "preferred_availability_zones": null,
            "preferred_outpost_arn": "",
            "replication_group_id": "",
            "security_group_ids": [
              "sg-0d04935c256d866a6"
            ],
            "snapshot_arns": null,
            "snapshot_name": null,
            "snapshot_retention_limit": 0,
            "snapshot_window": "04:30-05:30",
            "subnet_group_name": "infradm-redis-subnet-group",
            "tags": {},
            "tags_all": {
              "Environment": "Production",
              "ManagedBy": "Terraform",
              "Project": "InfraDM"
            },
            "timeouts": null,
            "transit_encryption_enabled": false
          },
          "sensitive_attributes": [],
          "private": "eyJlMmJmYjczMC1lY2FhLTExZTYtOGY4OC0zNDM2M2JjN2M0YzAiOnsiY3JlYXRlIjoyNDAwMDAwMDAwMDAwLCJkZWxldGUiOjI0MDAwMDAwMDAwMDAsInVwZGF0ZSI6NDgwMDAwMDAwMDAwMH19",
          "dependencies": [
            "aws_elasticache_subnet_group.redis",
            "aws_security_group.db_sg",
            "aws_security_group.ec2_sg",
            "aws_subnet.public",
            "aws_vpc.main",
            "data.aws_availability_zones.available"
          ]
        }
      ]
    },
    {
      "mode": "managed",
      "type": "aws_elasticache_subnet_group",
      "name": "redis",
      "provider": "provider[\"registry.terraform.io/hashicorp/aws\"]",
      "instances": [
        {
          "schema_version": 0,
          "attributes": {
            "arn": "arn:aws:elasticache:us-east-1:018594907850:subnetgroup:infradm-redis-subnet-group",
            "description": "Managed by Terraform",
            "id": "infradm-redis-subnet-group",
            "name": "infradm-redis-subnet-group",
            "subnet_ids": [
              "subnet-012b426db39357210",
              "subnet-0846738e111e33493"
            ],
            "tags": {},
            "tags_all": {
              "Environment": "Production",
              "ManagedBy": "Terraform",
              "Project": "InfraDM"
            },
            "vpc_id": "vpc-04837aab5c23cb29f"
          },
          "sensitive_attributes": [],
          "private": "bnVsbA==",
          "dependencies": [
            "aws_subnet.public",
            "aws_vpc.main",
            "data.aws_availability_zones.available"
          ]
        }
      ]
    },
    {
      "mode": "managed",
      "type": "aws_instance",
      "name": "mongodb",
      "provider": "provider[\"registry.terraform.io/hashicorp/aws\"]",
      "instances": [
        {
          "schema_version": 1,
          "attributes": {
            "ami": "ami-020cba7c55df1f615",
            "arn": "arn:aws:ec2:us-east-1:018594907850:instance/i-0505679bb30092dce",
            "associate_public_ip_address": true,
            "availability_zone": "us-east-1a",
            "capacity_reservation_specification": [
              {
                "capacity_reservation_preference": "open",
                "capacity_reservation_target": []
              }
            ],
            "cpu_core_count": 1,
            "cpu_options": [
              {
                "amd_sev_snp": "",
                "core_count": 1,
                "threads_per_core": 1
              }
            ],
            "cpu_threads_per_core": 1,
            "credit_specification": [
              {
                "cpu_credits": "standard"
              }
            ],
            "disable_api_stop": false,
            "disable_api_termination": false,
            "ebs_block_device": [],
            "ebs_optimized": false,
            "enable_primary_ipv6": null,
            "enclave_options": [
              {
                "enabled": false
              }
            ],
            "ephemeral_block_device": [],
            "get_password_data": false,
            "hibernation": false,
            "host_id": "",
            "host_resource_group_arn": null,
            "iam_instance_profile": "",
            "id": "i-0505679bb30092dce",
            "instance_initiated_shutdown_behavior": "stop",
            "instance_lifecycle": "",
            "instance_market_options": [],
            "instance_state": "running",
            "instance_type": "t2.micro",
            "ipv6_address_count": 0,
            "ipv6_addresses": [],
            "key_name": "infradm-key",
            "launch_template": [],
            "maintenance_options": [
              {
                "auto_recovery": "default"
              }
            ],
            "metadata_options": [
              {
                "http_endpoint": "enabled",
                "http_protocol_ipv6": "disabled",
                "http_put_response_hop_limit": 2,
                "http_tokens": "required",
                "instance_metadata_tags": "disabled"
              }
            ],
            "monitoring": false,
            "network_interface": [],
            "outpost_arn": "",
            "password_data": "",
            "placement_group": "",
            "placement_partition_number": 0,
            "primary_network_interface_id": "eni-06e65fb305c0dea6a",
            "private_dns": "ip-10-0-1-52.ec2.internal",
            "private_dns_name_options": [
              {
                "enable_resource_name_dns_a_record": false,
                "enable_resource_name_dns_aaaa_record": false,
                "hostname_type": "ip-name"
              }
            ],
            "private_ip": "10.0.1.52",
            "public_dns": "ec2-34-230-87-87.compute-1.amazonaws.com",
            "public_ip": "34.230.87.87",
            "root_block_device": [
              {
                "delete_on_termination": true,
                "device_name": "/dev/sda1",
                "encrypted": false,
                "iops": 3000,
                "kms_key_id": "",
                "tags": {
                  "Environment": "Production",
                  "ManagedBy": "Terraform",
                  "Project": "InfraDM"
                },
                "tags_all": {
                  "Environment": "Production",
                  "ManagedBy": "Terraform",
                  "Project": "InfraDM"
                },
                "throughput": 125,
                "volume_id": "vol-0769607549177077b",
                "volume_size": 8,
                "volume_type": "gp3"
              }
            ],
            "secondary_private_ips": [],
            "security_groups": [],
            "source_dest_check": true,
            "spot_instance_request_id": "",
            "subnet_id": "subnet-0846738e111e33493",
            "tags": {
              "Name": "infradm-mongodb"
            },
            "tags_all": {
              "Environment": "Production",
              "ManagedBy": "Terraform",
              "Name": "infradm-mongodb",
              "Project": "InfraDM"
            },
            "tenancy": "default",
            "timeouts": null,
            "user_data": "b7af82933d95f00a6f28c56ef13f850ed3ef07ff",
            "user_data_base64": null,
            "user_data_replace_on_change": false,
            "volume_tags": null,
            "vpc_security_group_ids": [
              "sg-0a55f74c532ec3768"
            ]
          },
          "sensitive_attributes": [
            [
              {
                "type": "get_attr",
                "value": "user_data"
              }
            ]
          ],
          "private": "eyJlMmJmYjczMC1lY2FhLTExZTYtOGY4OC0zNDM2M2JjN2M0YzAiOnsiY3JlYXRlIjo2MDAwMDAwMDAwMDAsImRlbGV0ZSI6MTIwMDAwMDAwMDAwMCwicmVhZCI6OTAwMDAwMDAwMDAwLCJ1cGRhdGUiOjYwMDAwMDAwMDAwMH0sInNjaGVtYV92ZXJzaW9uIjoiMSJ9",
          "dependencies": [
            "aws_security_group.mongodb_sg",
            "aws_subnet.public",
            "aws_vpc.main",
            "data.aws_availability_zones.available"
          ]
        }
      ]
    },
    {
      "mode": "managed",
      "type": "aws_instance",
      "name": "mysql",
      "provider": "provider[\"registry.terraform.io/hashicorp/aws\"]",
      "instances": [
        {
          "schema_version": 1,
          "attributes": {
            "ami": "ami-020cba7c55df1f615",
            "arn": "arn:aws:ec2:us-east-1:018594907850:instance/i-01b72c8de2be05f6d",
            "associate_public_ip_address": true,
            "availability_zone": "us-east-1a",
            "capacity_reservation_specification": [
              {
                "capacity_reservation_preference": "open",
                "capacity_reservation_target": []
              }
            ],
            "cpu_core_count": 1,
            "cpu_options": [
              {
                "amd_sev_snp": "",
                "core_count": 1,
                "threads_per_core": 1
              }
            ],
            "cpu_threads_per_core": 1,
            "credit_specification": [
              {
                "cpu_credits": "standard"
              }
            ],
            "disable_api_stop": false,
            "disable_api_termination": false,
            "ebs_block_device": [],
            "ebs_optimized": false,
            "enable_primary_ipv6": null,
            "enclave_options": [
              {
                "enabled": false
              }
            ],
            "ephemeral_block_device": [],
            "get_password_data": false,
            "hibernation": false,
            "host_id": "",
            "host_resource_group_arn": null,
            "iam_instance_profile": "",
            "id": "i-01b72c8de2be05f6d",
            "instance_initiated_shutdown_behavior": "stop",
            "instance_lifecycle": "",
            "instance_market_options": [],
            "instance_state": "running",
            "instance_type": "t2.micro",
            "ipv6_address_count": 0,
            "ipv6_addresses": [],
            "key_name": "infradm-key",
            "launch_template": [],
            "maintenance_options": [
              {
                "auto_recovery": "default"
              }
            ],
            "metadata_options": [
              {
                "http_endpoint": "enabled",
                "http_protocol_ipv6": "disabled",
                "http_put_response_hop_limit": 2,
                "http_tokens": "required",
                "instance_metadata_tags": "disabled"
              }
            ],
            "monitoring": false,
            "network_interface": [],
            "outpost_arn": "",
            "password_data": "",
            "placement_group": "",
            "placement_partition_number": 0,
            "primary_network_interface_id": "eni-0d3425e50c984a7b7",
            "private_dns": "ip-10-0-1-28.ec2.internal",
            "private_dns_name_options": [
              {
                "enable_resource_name_dns_a_record": false,
                "enable_resource_name_dns_aaaa_record": false,
                "hostname_type": "ip-name"
              }
            ],
            "private_ip": "10.0.1.28",
            "public_dns": "ec2-3-90-229-18.compute-1.amazonaws.com",
            "public_ip": "3.90.229.18",
            "root_block_device": [
              {
                "delete_on_termination": true,
                "device_name": "/dev/sda1",
                "encrypted": false,
                "iops": 3000,
                "kms_key_id": "",
                "tags": {
                  "Environment": "Production",
                  "ManagedBy": "Terraform",
                  "Project": "InfraDM"
                },
                "tags_all": {
                  "Environment": "Production",
                  "ManagedBy": "Terraform",
                  "Project": "InfraDM"
                },
                "throughput": 125,
                "volume_id": "vol-0e929644ce5732df0",
                "volume_size": 8,
                "volume_type": "gp3"
              }
            ],
            "secondary_private_ips": [],
            "security_groups": [],
            "source_dest_check": true,
            "spot_instance_request_id": "",
            "subnet_id": "subnet-0846738e111e33493",
            "tags": {
              "Name": "mysql-ec2"
            },
            "tags_all": {
              "Environment": "Production",
              "ManagedBy": "Terraform",
              "Name": "mysql-ec2",
              "Project": "InfraDM"
            },
            "tenancy": "default",
            "timeouts": null,
            "user_data": "fc79d92bca9c213745b7b19e1ef14b93ceb32972",
            "user_data_base64": null,
            "user_data_replace_on_change": false,
            "volume_tags": null,
            "vpc_security_group_ids": [
              "sg-003a51ffbca1f7eb1"
            ]
          },
          "sensitive_attributes": [
            [
              {
                "type": "get_attr",
                "value": "user_data"
              }
            ]
          ],
          "private": "eyJlMmJmYjczMC1lY2FhLTExZTYtOGY4OC0zNDM2M2JjN2M0YzAiOnsiY3JlYXRlIjo2MDAwMDAwMDAwMDAsImRlbGV0ZSI6MTIwMDAwMDAwMDAwMCwicmVhZCI6OTAwMDAwMDAwMDAwLCJ1cGRhdGUiOjYwMDAwMDAwMDAwMH0sInNjaGVtYV92ZXJzaW9uIjoiMSJ9",
          "dependencies": [
            "aws_security_group.mysql",
            "aws_subnet.public",
            "aws_vpc.main",
            "data.aws_availability_zones.available"
          ]
        }
      ]
    },
    {
      "mode": "managed",
      "type": "aws_instance",
      "name": "postgres",
      "provider": "provider[\"registry.terraform.io/hashicorp/aws\"]",
      "instances": [
        {
          "schema_version": 1,
          "attributes": {
            "ami": "ami-020cba7c55df1f615",
            "arn": "arn:aws:ec2:us-east-1:018594907850:instance/i-076ede1906b2471a5",
            "associate_public_ip_address": true,
            "availability_zone": "us-east-1b",
            "capacity_reservation_specification": [
              {
                "capacity_reservation_preference": "open",
                "capacity_reservation_target": []
              }
            ],
            "cpu_core_count": 1,
            "cpu_options": [
              {
                "amd_sev_snp": "",
                "core_count": 1,
                "threads_per_core": 1
              }
            ],
            "cpu_threads_per_core": 1,
            "credit_specification": [
              {
                "cpu_credits": "standard"
              }
            ],
            "disable_api_stop": false,
            "disable_api_termination": false,
            "ebs_block_device": [],
            "ebs_optimized": false,
            "enable_primary_ipv6": null,
            "enclave_options": [
              {
                "enabled": false
              }
            ],
            "ephemeral_block_device": [],
            "get_password_data": false,
            "hibernation": false,
            "host_id": "",
            "host_resource_group_arn": null,
            "iam_instance_profile": "",
            "id": "i-076ede1906b2471a5",
            "instance_initiated_shutdown_behavior": "stop",
            "instance_lifecycle": "",
            "instance_market_options": [],
            "instance_state": "running",
            "instance_type": "t2.micro",
            "ipv6_address_count": 0,
            "ipv6_addresses": [],
            "key_name": "infradm-key",
            "launch_template": [],
            "maintenance_options": [
              {
                "auto_recovery": "default"
              }
            ],
            "metadata_options": [
              {
                "http_endpoint": "enabled",
                "http_protocol_ipv6": "disabled",
                "http_put_response_hop_limit": 2,
                "http_tokens": "required",
                "instance_metadata_tags": "disabled"
              }
            ],
            "monitoring": false,
            "network_interface": [],
            "outpost_arn": "",
            "password_data": "",
            "placement_group": "",
            "placement_partition_number": 0,
            "primary_network_interface_id": "eni-04a18e92344f89818",
            "private_dns": "ip-10-0-2-84.ec2.internal",
            "private_dns_name_options": [
              {
                "enable_resource_name_dns_a_record": false,
                "enable_resource_name_dns_aaaa_record": false,
                "hostname_type": "ip-name"
              }
            ],
            "private_ip": "10.0.2.84",
            "public_dns": "ec2-34-204-70-210.compute-1.amazonaws.com",
            "public_ip": "34.204.70.210",
            "root_block_device": [
              {
                "delete_on_termination": true,
                "device_name": "/dev/sda1",
                "encrypted": false,
                "iops": 3000,
                "kms_key_id": "",
                "tags": {
                  "Environment": "Production",
                  "ManagedBy": "Terraform",
                  "Project": "InfraDM"
                },
                "tags_all": {
                  "Environment": "Production",
                  "ManagedBy": "Terraform",
                  "Project": "InfraDM"
                },
                "throughput": 125,
                "volume_id": "vol-09eedd48a9521b64b",
                "volume_size": 8,
                "volume_type": "gp3"
              }
            ],
            "secondary_private_ips": [],
            "security_groups": [],
            "source_dest_check": true,
            "spot_instance_request_id": "",
            "subnet_id": "subnet-012b426db39357210",
            "tags": {
              "Name": "postgres-ec2"
            },
            "tags_all": {
              "Environment": "Production",
              "ManagedBy": "Terraform",
              "Name": "postgres-ec2",
              "Project": "InfraDM"
            },
            "tenancy": "default",
            "timeouts": null,
            "user_data": "ffd2ee2cdb4aca1f4068342c55cdd78e8e30a85d",
            "user_data_base64": null,
            "user_data_replace_on_change": false,
            "volume_tags": null,
            "vpc_security_group_ids": [
              "sg-00f109948358e33e6"
            ]
          },
          "sensitive_attributes": [
            [
              {
                "type": "get_attr",
                "value": "user_data"
              }
            ]
          ],
          "private": "eyJlMmJmYjczMC1lY2FhLTExZTYtOGY4OC0zNDM2M2JjN2M0YzAiOnsiY3JlYXRlIjo2MDAwMDAwMDAwMDAsImRlbGV0ZSI6MTIwMDAwMDAwMDAwMCwicmVhZCI6OTAwMDAwMDAwMDAwLCJ1cGRhdGUiOjYwMDAwMDAwMDAwMH0sInNjaGVtYV92ZXJzaW9uIjoiMSJ9",
          "dependencies": [
            "aws_security_group.postgres",
            "aws_subnet.public",
            "aws_vpc.main",
            "data.aws_availability_zones.available"
          ]
        }
      ]
    },
    {
      "mode": "managed",
      "type": "aws_internet_gateway",
      "name": "gw",
      "provider": "provider[\"registry.terraform.io/hashicorp/aws\"]",
      "instances": [
        {
          "schema_version": 0,
          "attributes": {
            "arn": "arn:aws:ec2:us-east-1:018594907850:internet-gateway/igw-0ce03527b54bd3b85",
            "id": "igw-0ce03527b54bd3b85",
            "owner_id": "018594907850",
            "tags": {
              "Name": "infradm-igw"
            },
            "tags_all": {
              "Environment": "Production",
              "ManagedBy": "Terraform",
              "Name": "infradm-igw",
              "Project": "InfraDM"
            },
            "timeouts": null,
            "vpc_id": "vpc-04837aab5c23cb29f"
          },
          "sensitive_attributes": [],
          "private": "eyJlMmJmYjczMC1lY2FhLTExZTYtOGY4OC0zNDM2M2JjN2M0YzAiOnsiY3JlYXRlIjoxMjAwMDAwMDAwMDAwLCJkZWxldGUiOjEyMDAwMDAwMDAwMDAsInVwZGF0ZSI6MTIwMDAwMDAwMDAwMH19",
          "dependencies": [
            "aws_vpc.main"
          ]
        }
      ]
    },
    {
      "mode": "managed",
      "type": "aws_lb",
      "name": "app",
      "provider": "provider[\"registry.terraform.io/hashicorp/aws\"]",
      "instances": [
        {
          "schema_version": 0,
          "attributes": {
            "access_logs": [
              {
                "bucket": "",
                "enabled": false,
                "prefix": ""
              }
            ],
            "arn": "arn:aws:elasticloadbalancing:us-east-1:018594907850:loadbalancer/app/infradm-alb/0342ed537f4a8a82",
            "arn_suffix": "app/infradm-alb/0342ed537f4a8a82",
            "client_keep_alive": 3600,
            "connection_logs": [
              {
                "bucket": "",
                "enabled": false,
                "prefix": ""
              }
            ],
            "customer_owned_ipv4_pool": "",
            "desync_mitigation_mode": "defensive",
            "dns_name": "infradm-alb-427454577.us-east-1.elb.amazonaws.com",
            "dns_record_client_routing_policy": null,
            "drop_invalid_header_fields": false,
            "enable_cross_zone_load_balancing": true,
            "enable_deletion_protection": false,
            "enable_http2": true,
            "enable_tls_version_and_cipher_suite_headers": false,
            "enable_waf_fail_open": false,
            "enable_xff_client_port": false,
            "enable_zonal_shift": false,
            "enforce_security_group_inbound_rules_on_private_link_traffic": "",
            "id": "arn:aws:elasticloadbalancing:us-east-1:018594907850:loadbalancer/app/infradm-alb/0342ed537f4a8a82",
            "idle_timeout": 60,
            "internal": false,
            "ip_address_type": "ipv4",
            "ipam_pools": [],
            "load_balancer_type": "application",
            "minimum_load_balancer_capacity": [],
            "name": "infradm-alb",
            "name_prefix": "",
            "preserve_host_header": false,
            "security_groups": [
              "sg-0dc47928156729390"
            ],
            "subnet_mapping": [
              {
                "allocation_id": "",
                "ipv6_address": "",
                "outpost_id": "",
                "private_ipv4_address": "",
                "subnet_id": "subnet-012b426db39357210"
              },
              {
                "allocation_id": "",
                "ipv6_address": "",
                "outpost_id": "",
                "private_ipv4_address": "",
                "subnet_id": "subnet-0846738e111e33493"
              }
            ],
            "subnets": [
              "subnet-012b426db39357210",
              "subnet-0846738e111e33493"
            ],
            "tags": {},
            "tags_all": {
              "Environment": "Production",
              "ManagedBy": "Terraform",
              "Project": "InfraDM"
            },
            "timeouts": null,
            "vpc_id": "vpc-04837aab5c23cb29f",
            "xff_header_processing_mode": "append",
            "zone_id": "Z35SXDOTRQ7X7K"
          },
          "sensitive_attributes": [],
          "private": "eyJlMmJmYjczMC1lY2FhLTExZTYtOGY4OC0zNDM2M2JjN2M0YzAiOnsiY3JlYXRlIjo2MDAwMDAwMDAwMDAsImRlbGV0ZSI6NjAwMDAwMDAwMDAwLCJ1cGRhdGUiOjYwMDAwMDAwMDAwMH19",
          "dependencies": [
            "aws_security_group.alb_sg",
            "aws_subnet.public",
            "aws_vpc.main",
            "data.aws_availability_zones.available"
          ]
        }
      ]
    },
    {
      "mode": "managed",
      "type": "aws_route_table",
      "name": "public",
      "provider": "provider[\"registry.terraform.io/hashicorp/aws\"]",
      "instances": [
        {
          "schema_version": 0,
          "attributes": {
            "arn": "arn:aws:ec2:us-east-1:018594907850:route-table/rtb-0c978f71062992e61",
            "id": "rtb-0c978f71062992e61",
            "owner_id": "018594907850",
            "propagating_vgws": [],
            "route": [
              {
                "carrier_gateway_id": "",
                "cidr_block": "0.0.0.0/0",
                "core_network_arn": "",
                "destination_prefix_list_id": "",
                "egress_only_gateway_id": "",
                "gateway_id": "igw-0ce03527b54bd3b85",
                "ipv6_cidr_block": "",
                "local_gateway_id": "",
                "nat_gateway_id": "",
                "network_interface_id": "",
                "transit_gateway_id": "",
                "vpc_endpoint_id": "",
                "vpc_peering_connection_id": ""
              }
            ],
            "tags": {
              "Name": "public-route-table"
            },
            "tags_all": {
              "Environment": "Production",
              "ManagedBy": "Terraform",
              "Name": "public-route-table",
              "Project": "InfraDM"
            },
            "timeouts": null,
            "vpc_id": "vpc-04837aab5c23cb29f"
          },
          "sensitive_attributes": [],
          "private": "eyJlMmJmYjczMC1lY2FhLTExZTYtOGY4OC0zNDM2M2JjN2M0YzAiOnsiY3JlYXRlIjozMDAwMDAwMDAwMDAsImRlbGV0ZSI6MzAwMDAwMDAwMDAwLCJ1cGRhdGUiOjEyMDAwMDAwMDAwMH19",
          "dependencies": [
            "aws_internet_gateway.gw",
            "aws_vpc.main"
          ]
        }
      ]
    },
    {
      "mode": "managed",
      "type": "aws_route_table_association",
      "name": "public",
      "provider": "provider[\"registry.terraform.io/hashicorp/aws\"]",
      "instances": [
        {
          "index_key": 0,
          "schema_version": 0,
          "attributes": {
            "gateway_id": "",
            "id": "rtbassoc-01ba048b1a63a5269",
            "route_table_id": "rtb-0c978f71062992e61",
            "subnet_id": "subnet-0846738e111e33493",
            "timeouts": null
          },
          "sensitive_attributes": [],
          "private": "eyJlMmJmYjczMC1lY2FhLTExZTYtOGY4OC0zNDM2M2JjN2M0YzAiOnsiY3JlYXRlIjozMDAwMDAwMDAwMDAsImRlbGV0ZSI6MzAwMDAwMDAwMDAwLCJ1cGRhdGUiOjEyMDAwMDAwMDAwMH19",
          "dependencies": [
            "aws_internet_gateway.gw",
            "aws_route_table.public",
            "aws_subnet.public",
            "aws_vpc.main",
            "data.aws_availability_zones.available"
          ]
        },
        {
          "index_key": 1,
          "schema_version": 0,
          "attributes": {
            "gateway_id": "",
            "id": "rtbassoc-0d451f8dc2dea8c40",
            "route_table_id": "rtb-0c978f71062992e61",
            "subnet_id": "subnet-012b426db39357210",
            "timeouts": null
          },
          "sensitive_attributes": [],
          "private": "eyJlMmJmYjczMC1lY2FhLTExZTYtOGY4OC0zNDM2M2JjN2M0YzAiOnsiY3JlYXRlIjozMDAwMDAwMDAwMDAsImRlbGV0ZSI6MzAwMDAwMDAwMDAwLCJ1cGRhdGUiOjEyMDAwMDAwMDAwMH19",
          "dependencies": [
            "aws_internet_gateway.gw",
            "aws_route_table.public",
            "aws_subnet.public",
            "aws_vpc.main",
            "data.aws_availability_zones.available"
          ]
        }
      ]
    },
    {
      "mode": "managed",
      "type": "aws_security_group",
      "name": "alb_sg",
      "provider": "provider[\"registry.terraform.io/hashicorp/aws\"]",
      "instances": [
        {
          "schema_version": 1,
          "attributes": {
            "arn": "arn:aws:ec2:us-east-1:018594907850:security-group/sg-0dc47928156729390",
            "description": "Security group for ALB",
            "egress": [
              {
                "cidr_blocks": [
                  "0.0.0.0/0"
                ],
                "description": "",
                "from_port": 0,
                "ipv6_cidr_blocks": [],
                "prefix_list_ids": [],
                "protocol": "-1",
                "security_groups": [],
                "self": false,
                "to_port": 0
              }
            ],
            "id": "sg-0dc47928156729390",
            "ingress": [
              {
                "cidr_blocks": [
                  "0.0.0.0/0"
                ],
                "description": "",
                "from_port": 80,
                "ipv6_cidr_blocks": [],
                "prefix_list_ids": [],
                "protocol": "tcp",
                "security_groups": [],
                "self": false,
                "to_port": 80
              }
            ],
            "name": "infradm-alb-sg",
            "name_prefix": "",
            "owner_id": "018594907850",
            "revoke_rules_on_delete": false,
            "tags": {},
            "tags_all": {
              "Environment": "Production",
              "ManagedBy": "Terraform",
              "Project": "InfraDM"
            },
            "timeouts": null,
            "vpc_id": "vpc-04837aab5c23cb29f"
          },
          "sensitive_attributes": [],
          "private": "eyJlMmJmYjczMC1lY2FhLTExZTYtOGY4OC0zNDM2M2JjN2M0YzAiOnsiY3JlYXRlIjo2MDAwMDAwMDAwMDAsImRlbGV0ZSI6OTAwMDAwMDAwMDAwfSwic2NoZW1hX3ZlcnNpb24iOiIxIn0=",
          "dependencies": [
            "aws_vpc.main"
          ]
        }
      ]
    },
    {
      "mode": "managed",
      "type": "aws_security_group",
      "name": "db_sg",
      "provider": "provider[\"registry.terraform.io/hashicorp/aws\"]",
      "instances": [
        {
          "schema_version": 1,
          "attributes": {
            "arn": "arn:aws:ec2:us-east-1:018594907850:security-group/sg-0d04935c256d866a6",
            "description": "Security group for database instances",
            "egress": [
              {
                "cidr_blocks": [
                  "0.0.0.0/0"
                ],
                "description": "",
                "from_port": 0,
                "ipv6_cidr_blocks": [],
                "prefix_list_ids": [],
                "protocol": "-1",
                "security_groups": [],
                "self": false,
                "to_port": 0
              }
            ],
            "id": "sg-0d04935c256d866a6",
            "ingress": [
              {
                "cidr_blocks": [],
                "description": "",
                "from_port": 27017,
                "ipv6_cidr_blocks": [],
                "prefix_list_ids": [],
                "protocol": "tcp",
                "security_groups": [
                  "sg-02ed714dda40d6797"
                ],
                "self": false,
                "to_port": 27017
              },
              {
                "cidr_blocks": [],
                "description": "",
                "from_port": 3306,
                "ipv6_cidr_blocks": [],
                "prefix_list_ids": [],
                "protocol": "tcp",
                "security_groups": [
                  "sg-02ed714dda40d6797"
                ],
                "self": false,
                "to_port": 3306
              },
              {
                "cidr_blocks": [],
                "description": "",
                "from_port": 5432,
                "ipv6_cidr_blocks": [],
                "prefix_list_ids": [],
                "protocol": "tcp",
                "security_groups": [
                  "sg-02ed714dda40d6797"
                ],
                "self": false,
                "to_port": 5432
              }
            ],
            "name": "infradm-db-sg",
            "name_prefix": "",
            "owner_id": "018594907850",
            "revoke_rules_on_delete": false,
            "tags": {},
            "tags_all": {
              "Environment": "Production",
              "ManagedBy": "Terraform",
              "Project": "InfraDM"
            },
            "timeouts": null,
            "vpc_id": "vpc-04837aab5c23cb29f"
          },
          "sensitive_attributes": [],
          "private": "eyJlMmJmYjczMC1lY2FhLTExZTYtOGY4OC0zNDM2M2JjN2M0YzAiOnsiY3JlYXRlIjo2MDAwMDAwMDAwMDAsImRlbGV0ZSI6OTAwMDAwMDAwMDAwfSwic2NoZW1hX3ZlcnNpb24iOiIxIn0=",
          "dependencies": [
            "aws_security_group.ec2_sg",
            "aws_vpc.main"
          ]
        }
      ]
    },
    {
      "mode": "managed",
      "type": "aws_security_group",
      "name": "ec2_sg",
      "provider": "provider[\"registry.terraform.io/hashicorp/aws\"]",
      "instances": [
        {
          "schema_version": 1,
          "attributes": {
            "arn": "arn:aws:ec2:us-east-1:018594907850:security-group/sg-02ed714dda40d6797",
            "description": "Security group for EC2 instances",
            "egress": [
              {
                "cidr_blocks": [
                  "0.0.0.0/0"
                ],
                "description": "",
                "from_port": 0,
                "ipv6_cidr_blocks": [],
                "prefix_list_ids": [],
                "protocol": "-1",
                "security_groups": [],
                "self": false,
                "to_port": 0
              }
            ],
            "id": "sg-02ed714dda40d6797",
            "ingress": [
              {
                "cidr_blocks": [
                  "0.0.0.0/0"
                ],
                "description": "",
                "from_port": 22,
                "ipv6_cidr_blocks": [],
                "prefix_list_ids": [],
                "protocol": "tcp",
                "security_groups": [],
                "self": false,
                "to_port": 22
              },
              {
                "cidr_blocks": [
                  "0.0.0.0/0"
                ],
                "description": "",
                "from_port": 80,
                "ipv6_cidr_blocks": [],
                "prefix_list_ids": [],
                "protocol": "tcp",
                "security_groups": [],
                "self": false,
                "to_port": 80
              }
            ],
            "name": "infradm-ec2-sg",
            "name_prefix": "",
            "owner_id": "018594907850",
            "revoke_rules_on_delete": false,
            "tags": {},
            "tags_all": {
              "Environment": "Production",
              "ManagedBy": "Terraform",
              "Project": "InfraDM"
            },
            "timeouts": null,
            "vpc_id": "vpc-04837aab5c23cb29f"
          },
          "sensitive_attributes": [],
          "private": "eyJlMmJmYjczMC1lY2FhLTExZTYtOGY4OC0zNDM2M2JjN2M0YzAiOnsiY3JlYXRlIjo2MDAwMDAwMDAwMDAsImRlbGV0ZSI6OTAwMDAwMDAwMDAwfSwic2NoZW1hX3ZlcnNpb24iOiIxIn0=",
          "dependencies": [
            "aws_vpc.main"
          ]
        }
      ]
    },
    {
      "mode": "managed",
      "type": "aws_security_group",
      "name": "mongodb_sg",
      "provider": "provider[\"registry.terraform.io/hashicorp/aws\"]",
      "instances": [
        {
          "schema_version": 1,
          "attributes": {
            "arn": "arn:aws:ec2:us-east-1:018594907850:security-group/sg-0a55f74c532ec3768",
            "description": "Security group for MongoDB EC2 instance",
            "egress": [
              {
                "cidr_blocks": [
                  "0.0.0.0/0"
                ],
                "description": "",
                "from_port": 0,
                "ipv6_cidr_blocks": [],
                "prefix_list_ids": [],
                "protocol": "-1",
                "security_groups": [],
                "self": false,
                "to_port": 0
              }
            ],
            "id": "sg-0a55f74c532ec3768",
            "ingress": [
              {
                "cidr_blocks": [
                  "0.0.0.0/0"
                ],
                "description": "",
                "from_port": 22,
                "ipv6_cidr_blocks": [],
                "prefix_list_ids": [],
                "protocol": "tcp",
                "security_groups": [],
                "self": false,
                "to_port": 22
              },
              {
                "cidr_blocks": [
                  "0.0.0.0/0"
                ],
                "description": "",
                "from_port": 27017,
                "ipv6_cidr_blocks": [],
                "prefix_list_ids": [],
                "protocol": "tcp",
                "security_groups": [],
                "self": false,
                "to_port": 27017
              }
            ],
            "name": "infradm-mongodb-sg",
            "name_prefix": "",
            "owner_id": "018594907850",
            "revoke_rules_on_delete": false,
            "tags": {
              "Name": "infradm-mongodb-sg"
            },
            "tags_all": {
              "Environment": "Production",
              "ManagedBy": "Terraform",
              "Name": "infradm-mongodb-sg",
              "Project": "InfraDM"
            },
            "timeouts": null,
            "vpc_id": "vpc-04837aab5c23cb29f"
          },
          "sensitive_attributes": [],
          "private": "eyJlMmJmYjczMC1lY2FhLTExZTYtOGY4OC0zNDM2M2JjN2M0YzAiOnsiY3JlYXRlIjo2MDAwMDAwMDAwMDAsImRlbGV0ZSI6OTAwMDAwMDAwMDAwfSwic2NoZW1hX3ZlcnNpb24iOiIxIn0=",
          "dependencies": [
            "aws_vpc.main"
          ]
        }
      ]
    },
    {
      "mode": "managed",
      "type": "aws_security_group",
      "name": "mysql",
      "provider": "provider[\"registry.terraform.io/hashicorp/aws\"]",
      "instances": [
        {
          "schema_version": 1,
          "attributes": {
            "arn": "arn:aws:ec2:us-east-1:018594907850:security-group/sg-003a51ffbca1f7eb1",
            "description": "Security group for MySQL",
            "egress": [
              {
                "cidr_blocks": [
                  "0.0.0.0/0"
                ],
                "description": "",
                "from_port": 0,
                "ipv6_cidr_blocks": [],
                "prefix_list_ids": [],
                "protocol": "-1",
                "security_groups": [],
                "self": false,
                "to_port": 0
              }
            ],
            "id": "sg-003a51ffbca1f7eb1",
            "ingress": [
              {
                "cidr_blocks": [
                  "0.0.0.0/0"
                ],
                "description": "",
                "from_port": 3306,
                "ipv6_cidr_blocks": [],
                "prefix_list_ids": [],
                "protocol": "tcp",
                "security_groups": [],
                "self": false,
                "to_port": 3306
              }
            ],
            "name": "mysql-sg",
            "name_prefix": "",
            "owner_id": "018594907850",
            "revoke_rules_on_delete": false,
            "tags": {},
            "tags_all": {
              "Environment": "Production",
              "ManagedBy": "Terraform",
              "Project": "InfraDM"
            },
            "timeouts": null,
            "vpc_id": "vpc-04837aab5c23cb29f"
          },
          "sensitive_attributes": [],
          "private": "eyJlMmJmYjczMC1lY2FhLTExZTYtOGY4OC0zNDM2M2JjN2M0YzAiOnsiY3JlYXRlIjo2MDAwMDAwMDAwMDAsImRlbGV0ZSI6OTAwMDAwMDAwMDAwfSwic2NoZW1hX3ZlcnNpb24iOiIxIn0=",
          "dependencies": [
            "aws_vpc.main"
          ]
        }
      ]
    },
    {
      "mode": "managed",
      "type": "aws_security_group",
      "name": "postgres",
      "provider": "provider[\"registry.terraform.io/hashicorp/aws\"]",
      "instances": [
        {
          "schema_version": 1,
          "attributes": {
            "arn": "arn:aws:ec2:us-east-1:018594907850:security-group/sg-00f109948358e33e6",
            "description": "Security group for PostgreSQL",
            "egress": [
              {
                "cidr_blocks": [
                  "0.0.0.0/0"
                ],
                "description": "",
                "from_port": 0,
                "ipv6_cidr_blocks": [],
                "prefix_list_ids": [],
                "protocol": "-1",
                "security_groups": [],
                "self": false,
                "to_port": 0
              }
            ],
            "id": "sg-00f109948358e33e6",
            "ingress": [
              {
                "cidr_blocks": [
                  "0.0.0.0/0"
                ],
                "description": "",
                "from_port": 5432,
                "ipv6_cidr_blocks": [],
                "prefix_list_ids": [],
                "protocol": "tcp",
                "security_groups": [],
                "self": false,
                "to_port": 5432
              }
            ],
            "name": "postgres-sg",
            "name_prefix": "",
            "owner_id": "018594907850",
            "revoke_rules_on_delete": false,
            "tags": {},
            "tags_all": {
              "Environment": "Production",
              "ManagedBy": "Terraform",
              "Project": "InfraDM"
            },
            "timeouts": null,
            "vpc_id": "vpc-04837aab5c23cb29f"
          },
          "sensitive_attributes": [],
          "private": "eyJlMmJmYjczMC1lY2FhLTExZTYtOGY4OC0zNDM2M2JjN2M0YzAiOnsiY3JlYXRlIjo2MDAwMDAwMDAwMDAsImRlbGV0ZSI6OTAwMDAwMDAwMDAwfSwic2NoZW1hX3ZlcnNpb24iOiIxIn0=",
          "dependencies": [
            "aws_vpc.main"
          ]
        }
      ]
    },
    {
      "mode": "managed",
      "type": "aws_subnet",
      "name": "public",
      "provider": "provider[\"registry.terraform.io/hashicorp/aws\"]",
      "instances": [
        {
          "index_key": 0,
          "schema_version": 1,
          "attributes": {
            "arn": "arn:aws:ec2:us-east-1:018594907850:subnet/subnet-0846738e111e33493",
            "assign_ipv6_address_on_creation": false,
            "availability_zone": "us-east-1a",
            "availability_zone_id": "use1-az4",
            "cidr_block": "10.0.1.0/24",
            "customer_owned_ipv4_pool": "",
            "enable_dns64": false,
            "enable_lni_at_device_index": 0,
            "enable_resource_name_dns_a_record_on_launch": false,
            "enable_resource_name_dns_aaaa_record_on_launch": false,
            "id": "subnet-0846738e111e33493",
            "ipv6_cidr_block": "",
            "ipv6_cidr_block_association_id": "",
            "ipv6_native": false,
            "map_customer_owned_ip_on_launch": false,
            "map_public_ip_on_launch": true,
            "outpost_arn": "",
            "owner_id": "018594907850",
            "private_dns_hostname_type_on_launch": "ip-name",
            "tags": {
              "Name": "public-subnet-1"
            },
            "tags_all": {
              "Environment": "Production",
              "ManagedBy": "Terraform",
              "Name": "public-subnet-1",
              "Project": "InfraDM"
            },
            "timeouts": null,
            "vpc_id": "vpc-04837aab5c23cb29f"
          },
          "sensitive_attributes": [],
          "private": "eyJlMmJmYjczMC1lY2FhLTExZTYtOGY4OC0zNDM2M2JjN2M0YzAiOnsiY3JlYXRlIjo2MDAwMDAwMDAwMDAsImRlbGV0ZSI6MTIwMDAwMDAwMDAwMH0sInNjaGVtYV92ZXJzaW9uIjoiMSJ9",
          "dependencies": [
            "aws_vpc.main",
            "data.aws_availability_zones.available"
          ]
        },
        {
          "index_key": 1,
          "schema_version": 1,
          "attributes": {
            "arn": "arn:aws:ec2:us-east-1:018594907850:subnet/subnet-012b426db39357210",
            "assign_ipv6_address_on_creation": false,
            "availability_zone": "us-east-1b",
            "availability_zone_id": "use1-az6",
            "cidr_block": "10.0.2.0/24",
            "customer_owned_ipv4_pool": "",
            "enable_dns64": false,
            "enable_lni_at_device_index": 0,
            "enable_resource_name_dns_a_record_on_launch": false,
            "enable_resource_name_dns_aaaa_record_on_launch": false,
            "id": "subnet-012b426db39357210",
            "ipv6_cidr_block": "",
            "ipv6_cidr_block_association_id": "",
            "ipv6_native": false,
            "map_customer_owned_ip_on_launch": false,
            "map_public_ip_on_launch": true,
            "outpost_arn": "",
            "owner_id": "018594907850",
            "private_dns_hostname_type_on_launch": "ip-name",
            "tags": {
              "Name": "public-subnet-2"
            },
            "tags_all": {
              "Environment": "Production",
              "ManagedBy": "Terraform",
              "Name": "public-subnet-2",
              "Project": "InfraDM"
            },
            "timeouts": null,
            "vpc_id": "vpc-04837aab5c23cb29f"
          },
          "sensitive_attributes": [],
          "private": "eyJlMmJmYjczMC1lY2FhLTExZTYtOGY4OC0zNDM2M2JjN2M0YzAiOnsiY3JlYXRlIjo2MDAwMDAwMDAwMDAsImRlbGV0ZSI6MTIwMDAwMDAwMDAwMH0sInNjaGVtYV92ZXJzaW9uIjoiMSJ9",
          "dependencies": [
            "aws_vpc.main",
            "data.aws_availability_zones.available"
          ]
        }
      ]
    },
    {
      "mode": "managed",
      "type": "aws_vpc",
      "name": "main",
      "provider": "provider[\"registry.terraform.io/hashicorp/aws\"]",
      "instances": [
        {
          "schema_version": 1,
          "attributes": {
            "arn": "arn:aws:ec2:us-east-1:018594907850:vpc/vpc-04837aab5c23cb29f",
            "assign_generated_ipv6_cidr_block": false,
            "cidr_block": "10.0.0.0/16",
            "default_network_acl_id": "acl-0adcafee0138f45ed",
            "default_route_table_id": "rtb-0342329cebe435e29",
            "default_security_group_id": "sg-0b7166e7b897ff98c",
            "dhcp_options_id": "dopt-08b1fc27796bc4145",
            "enable_dns_hostnames": true,
            "enable_dns_support": true,
            "enable_network_address_usage_metrics": false,
            "id": "vpc-04837aab5c23cb29f",
            "instance_tenancy": "default",
            "ipv4_ipam_pool_id": null,
            "ipv4_netmask_length": null,
            "ipv6_association_id": "",
            "ipv6_cidr_block": "",
            "ipv6_cidr_block_network_border_group": "",
            "ipv6_ipam_pool_id": "",
            "ipv6_netmask_length": 0,
            "main_route_table_id": "rtb-0342329cebe435e29",
            "owner_id": "018594907850",
            "tags": {
              "Name": "infradm-vpc"
            },
            "tags_all": {
              "Environment": "Production",
              "ManagedBy": "Terraform",
              "Name": "infradm-vpc",
              "Project": "InfraDM"
            }
          },
          "sensitive_attributes": [],
          "private": "eyJzY2hlbWFfdmVyc2lvbiI6IjEifQ=="
        }
      ]
    }
  ],
  "check_results": null
}
